// !$*UTF8*$!
{
	archiveVersion = 1;
	classes = {
	};
	objectVersion = 54;
	objects = {

/* Begin PBXBuildFile section */
		015D0AF4D1678D4F78A46880 /* SystemInfo.swift in Sources */ = {isa = PBXBuildFile; fileRef = B5F46F97960F579993C41507 /* SystemInfo.swift */; };
		030CA17364D27E2C86B8D36F /* UserDefaultsManager.swift in Sources */ = {isa = PBXBuildFile; fileRef = D6FDFBEF38034A3F4671F98F /* UserDefaultsManager.swift */; };
		030D8C7E8F9F826524BA31A7 /* SnapKit in Frameworks */ = {isa = PBXBuildFile; productRef = AE4098F783D33EDD00174621 /* SnapKit */; };
		0A1A2396F1C55377451C6AF4 /* ResultViewController.swift in Sources */ = {isa = PBXBuildFile; fileRef = DBF323846DAEE03F621DBF05 /* ResultViewController.swift */; };
		0FA8883A556B2FA320CA2DD2 /* AccuracySpeedSettingsView.swift in Sources */ = {isa = PBXBuildFile; fileRef = 94B3EE586C5AEFFD0946C9B5 /* AccuracySpeedSettingsView.swift */; };
		0FCB12352851B2CC14B8A7C1 /* vcs.xml in Resources */ = {isa = PBXBuildFile; fileRef = CD3FF46CD2D958B6D81CB5BA /* vcs.xml */; };
		1AC53E9E0FF2699C737155CF /* String+Extension.swift in Sources */ = {isa = PBXBuildFile; fileRef = 67840B9E99FD8F9FC54844DB /* String+Extension.swift */; };
		1D17BE143196523D2031D216 /* DescriptionErrorView.swift in Sources */ = {isa = PBXBuildFile; fileRef = 684EA574D2CD2834C4B90FE7 /* DescriptionErrorView.swift */; };
		1DB1D383AF7C342F7E94BE9C /* AnimationLoadingView.swift in Sources */ = {isa = PBXBuildFile; fileRef = 039C5E9CF9FCB168405C7A63 /* AnimationLoadingView.swift */; };
		25AB68DC8C089B49BF4B88D4 /* workspace.xml in Resources */ = {isa = PBXBuildFile; fileRef = 0961EA8CC47CD233AAC28496 /* workspace.xml */; };
		29ED2FF6F2DD3987E89BFA6A /* tiretread_sound_stop.wav in Resources */ = {isa = PBXBuildFile; fileRef = 0279B6C33EC315BFB9202A88 /* tiretread_sound_stop.wav */; };
		2E4E98C5AC372ECAECE7BCEA /* SettingsView.swift in Sources */ = {isa = PBXBuildFile; fileRef = F4F65BCB8B40B49FE3A81C57 /* SettingsView.swift */; };
		310CB561F42A37A560B9F435 /* Anyline Tire Demo.iml in Resources */ = {isa = PBXBuildFile; fileRef = 5AFB7AFBE9E5485338795E06 /* Anyline Tire Demo.iml */; };
		35B3D619C9CB0D2485FB93C0 /* ResultDetailsViewController.swift in Sources */ = {isa = PBXBuildFile; fileRef = 592EBCA3FF9BC3EC5068119D /* ResultDetailsViewController.swift */; };
		38DB3D561F4C43FB5A8B9727 /* ErrorButtonActionsDelegate.swift in Sources */ = {isa = PBXBuildFile; fileRef = 5FDD518668FD48C095561BE8 /* ErrorButtonActionsDelegate.swift */; };
		3CAFFCCFEE3CA28949769BCE /* KeychainSwift in Frameworks */ = {isa = PBXBuildFile; productRef = 5A8E509B4C8C4AC6C6113DBD /* KeychainSwift */; };
		3CDCBDE8BEBC15FDA1FB6264 /* tiretread_focuspoint_found.wav in Resources */ = {isa = PBXBuildFile; fileRef = 9305D03F418897C0AD10B90F /* tiretread_focuspoint_found.wav */; };
		40E037705F4EA729263B4531 /* ATDTitleLabel.swift in Sources */ = {isa = PBXBuildFile; fileRef = 2042E7AF3F98CE816AC74A87 /* ATDTitleLabel.swift */; };
		4315EDFF1D1D482EB86C2AC6 /* ButtonsSettingsView.swift in Sources */ = {isa = PBXBuildFile; fileRef = 203FEF3A731C7A34F6109D47 /* ButtonsSettingsView.swift */; };
		454F272008A986B435532AE0 /* MeasurementView.swift in Sources */ = {isa = PBXBuildFile; fileRef = 9E205BE38F7CF6F2E673D73B /* MeasurementView.swift */; };
		4CEED1DF5615C73346CF62C8 /* AnylineTireTreadSdk in Frameworks */ = {isa = PBXBuildFile; productRef = 4FC06FD0D43DBAB59132C68A /* AnylineTireTreadSdk */; };
		53E9BB7C9EFA688DF79A049A /* LoadingButtonActionsDelegate.swift in Sources */ = {isa = PBXBuildFile; fileRef = DE123729BEA35B442A4649EC /* LoadingButtonActionsDelegate.swift */; };
		59C58D5B136AB5E8E50E6CEF /* ATDSideTitleLabel.swift in Sources */ = {isa = PBXBuildFile; fileRef = 45AF252A096B6811DE5CBD11 /* ATDSideTitleLabel.swift */; };
		5E7BB7B5DC99420C9F0C7503 /* ResultDetailsView.swift in Sources */ = {isa = PBXBuildFile; fileRef = B64E5BEDEA3ABD3A59F22090 /* ResultDetailsView.swift */; };
		60867B6448E0174B6C94DD34 /* PDFReaderView.swift in Sources */ = {isa = PBXBuildFile; fileRef = B672D5814257084C202F656D /* PDFReaderView.swift */; };
		61F8BC3D17A20B47266573CC /* SettingsViewModel.swift in Sources */ = {isa = PBXBuildFile; fileRef = 94A1F359FD235E25B6A374F9 /* SettingsViewModel.swift */; };
		630302657E9563016A6A475F /* tiretread_sound_beep_too_close.wav in Resources */ = {isa = PBXBuildFile; fileRef = 898D068837A772FDC17C4F80 /* tiretread_sound_beep_too_close.wav */; };
		66F67940F4634951C847EB98 /* misc.xml in Resources */ = {isa = PBXBuildFile; fileRef = 8686A4230BA9C306CA9090E6 /* misc.xml */; };
		6A3DED6F32AF230CE411624C /* ATDSideButton.swift in Sources */ = {isa = PBXBuildFile; fileRef = C1FCB5E52078C5C5E8B5569B /* ATDSideButton.swift */; };
		6A88F4119F37EF8E80A6C418 /* LandingViewModel.swift in Sources */ = {isa = PBXBuildFile; fileRef = 9341A53AAD476ED9898701C5 /* LandingViewModel.swift */; };
		6E11D51C1B198681FBBBAF50 /* LoadingViewModel.swift in Sources */ = {isa = PBXBuildFile; fileRef = 5010D7616B934B0CEA331D02 /* LoadingViewModel.swift */; };
		7369D989A1B4FE06EB66969A /* tiretread_sound_start.wav in Resources */ = {isa = PBXBuildFile; fileRef = 356C7E9537E33B81DD3E9DF8 /* tiretread_sound_start.wav */; };
		752146CA082BED4AE6FA6C33 /* ResultButtonActionsDelegate.swift in Sources */ = {isa = PBXBuildFile; fileRef = 635177CA7A2D6A49FB41537F /* ResultButtonActionsDelegate.swift */; };
		75DED790D67B3F8F6810A375 /* LandingViewController.swift in Sources */ = {isa = PBXBuildFile; fileRef = 53E863C814ADFA1AE90698DB /* LandingViewController.swift */; };
		778185811BD1A1128E44BED5 /* Assets.xcassets in Resources */ = {isa = PBXBuildFile; fileRef = 4F41F1B3D9D343C30C7129C4 /* Assets.xcassets */; };
		7FAF812248111EAE17B51F8A /* SettingsButtonActionsDelegate.swift in Sources */ = {isa = PBXBuildFile; fileRef = F23279E1B27D785630EA5A47 /* SettingsButtonActionsDelegate.swift */; };
		7FDA3B9A76C6BF12C38735C4 /* ButtonsResultView.swift in Sources */ = {isa = PBXBuildFile; fileRef = B31331DE50C6CDAD5AEA836F /* ButtonsResultView.swift */; };
		84C49BAE86A8C61E2789AE51 /* LaunchScreen.storyboard in Resources */ = {isa = PBXBuildFile; fileRef = BE053E1CF96479297B839F59 /* LaunchScreen.storyboard */; };
		84C5DAAA08E0024CCBC9F586 /* ErrorView.swift in Sources */ = {isa = PBXBuildFile; fileRef = 91A81A696C0FE10BADEDFFF0 /* ErrorView.swift */; };
		87DB8F58F9BAA1992550BE5D /* ATDTopView.swift in Sources */ = {isa = PBXBuildFile; fileRef = 1DBED146B22C6AF08693B5B3 /* ATDTopView.swift */; };
		8A6F05DEA64AACAE756353C9 /* SettingsViewController.swift in Sources */ = {isa = PBXBuildFile; fileRef = 79422290CE7EF2CD20C3D8EE /* SettingsViewController.swift */; };
		8BF4E284C06302D31E0935A4 /* LoadingViewController.swift in Sources */ = {isa = PBXBuildFile; fileRef = 14A8CECEA3C792A45FFCB5FE /* LoadingViewController.swift */; };
		916BB27AE45273720C857859 /* Alamofire in Frameworks */ = {isa = PBXBuildFile; productRef = 36DF23772E8928D0BFDB3967 /* Alamofire */; };
		922F01E6511122B7C47A513A /* LandingView.swift in Sources */ = {isa = PBXBuildFile; fileRef = 43FD477C87ED260D7F2D4B0B /* LandingView.swift */; };
		927829229CB4F07B5590DDF8 /* TextLandingView.swift in Sources */ = {isa = PBXBuildFile; fileRef = A9CB99471900809461B83691 /* TextLandingView.swift */; };
		96B8C1B588F856C867E2FCF8 /* ImperialSystemSettingsView.swift in Sources */ = {isa = PBXBuildFile; fileRef = 3F4512E39D68A2ECC6176D69 /* ImperialSystemSettingsView.swift */; };
		9DC179F77F904D61DA624801 /* FontStruct.swift in Sources */ = {isa = PBXBuildFile; fileRef = 2A56CB61EFAE890DA36421FE /* FontStruct.swift */; };
		A1A43E97D4186089AD2FF75B /* KeychainManager.swift in Sources */ = {isa = PBXBuildFile; fileRef = 5C4839D8B8B3418C1F448C0C /* KeychainManager.swift */; };
		A5E50D4A5C0CC96AF74C8C8D /* LicenseSettingsView.swift in Sources */ = {isa = PBXBuildFile; fileRef = 1082146CA856FECC9AE1C392 /* LicenseSettingsView.swift */; };
		A657F5121313A04D7767CA25 /* ATDTextLabel.swift in Sources */ = {isa = PBXBuildFile; fileRef = AA0D513A072F0FA35EEED2BE /* ATDTextLabel.swift */; };
		AB54A1FC59A94B0888996937 /* ResultDetailsViewModel.swift in Sources */ = {isa = PBXBuildFile; fileRef = 743A1DCAF06FD21B53070DE9 /* ResultDetailsViewModel.swift */; };
		AC4D8CE67B84C89878A0FA2A /* RecorderViewController.swift in Sources */ = {isa = PBXBuildFile; fileRef = F6D8CBBF0CEE70A674D10D60 /* RecorderViewController.swift */; };
		B0A8C510FE5C3B485C781D33 /* ShowGuidanceSettingsView.swift in Sources */ = {isa = PBXBuildFile; fileRef = 6B913234A2737D8FD555BDED /* ShowGuidanceSettingsView.swift */; };
		B2EBB1666A0CF9F779EF8931 /* TireTreadMeasurementView.swift in Sources */ = {isa = PBXBuildFile; fileRef = 390C46701BB308E6F53EFB81 /* TireTreadMeasurementView.swift */; };
		B43E435CF5FD514D9D4D4245 /* Localizable.strings in Resources */ = {isa = PBXBuildFile; fileRef = 3318E4FA5B27EDB760F76DFF /* Localizable.strings */; };
		C547C5D4DB92F152AC74F0F8 /* ProximaNova-Regular.otf in Resources */ = {isa = PBXBuildFile; fileRef = DB20B1D3E5DE027FAE19AD9F /* ProximaNova-Regular.otf */; };
		C6BF2CD1FD27D45201F44A83 /* AppDelegate.swift in Sources */ = {isa = PBXBuildFile; fileRef = 515C57BE1A6CB1D9486937B3 /* AppDelegate.swift */; };
		CABBA4922CFF9C7D20F87DF6 /* CaptureSpeedView.swift in Sources */ = {isa = PBXBuildFile; fileRef = 39FB6DAFECFCBA5FFF7D488D /* CaptureSpeedView.swift */; };
		CE2BF07B703E436BCF4A75D0 /* ColorStruct.swift in Sources */ = {isa = PBXBuildFile; fileRef = E0E627967E61F1B098CD294E /* ColorStruct.swift */; };
		CFBC8035DE3560D7ABB142FD /* ProximaNova-Bold.otf in Resources */ = {isa = PBXBuildFile; fileRef = 8A35D4D3DBCB082A5C414DA4 /* ProximaNova-Bold.otf */; };
		D1C023881D18C8A35E33D669 /* ScanViewController.swift in Sources */ = {isa = PBXBuildFile; fileRef = D5BA79536B6EEBE089971CDA /* ScanViewController.swift */; };
		D5CBEE1F3E3661B52DBEF1CC /* VolumeButtonObserver.swift in Sources */ = {isa = PBXBuildFile; fileRef = CBBFD690B0F8E473AD1285E8 /* VolumeButtonObserver.swift */; };
		D5F2132E906282B4C27F6F83 /* SceneDelegate.swift in Sources */ = {isa = PBXBuildFile; fileRef = 2193B4C3D407BACF67DB63B3 /* SceneDelegate.swift */; };
		D6919D00130DD2096F69F352 /* ResultView.swift in Sources */ = {isa = PBXBuildFile; fileRef = C44AFD25638D1C9513636C37 /* ResultView.swift */; };
		DA4553F0DFF86A25ACBF1197 /* LandingTextViewDelegate.swift in Sources */ = {isa = PBXBuildFile; fileRef = 846F00A3CE42550CD5D87E5F /* LandingTextViewDelegate.swift */; };
		DAB4121C20787CFBD4E8BC3B /* ATDTextField.swift in Sources */ = {isa = PBXBuildFile; fileRef = 6E20CCB2348A1D5779AD369D /* ATDTextField.swift */; };
		DD19A188C2FE3B064AACA037 /* modules.xml in Resources */ = {isa = PBXBuildFile; fileRef = 848E9ACC3C8B16BC3203A29C /* modules.xml */; };
		DEC9D5EECB42273A5F89B447 /* LandingButtonActionsDelegate.swift in Sources */ = {isa = PBXBuildFile; fileRef = 696E6ED85B49AD9091DA35DE /* LandingButtonActionsDelegate.swift */; };
		E42046826C435BB3C8648356 /* InfoSettingsView.swift in Sources */ = {isa = PBXBuildFile; fileRef = 98E054DE5275CFBA5F059FFD /* InfoSettingsView.swift */; };
		E867FA59DFE1158EF820BA09 /* UIViewController+Extension.swift in Sources */ = {isa = PBXBuildFile; fileRef = FE63BB8F9AD2406691FCCEAA /* UIViewController+Extension.swift */; };
		E9B33D39315858DA62E2C2BD /* ProximaNova-Light.otf in Resources */ = {isa = PBXBuildFile; fileRef = 7806B02B24D5CA9894554DDF /* ProximaNova-Light.otf */; };
		F526EDD2BB0625673BA4C11C /* LoadingView.swift in Sources */ = {isa = PBXBuildFile; fileRef = FC8B10AB00E2C39D3A8E912B /* LoadingView.swift */; };
		F61AC54D164F3F1D35289943 /* QRCodeReaderViewController.swift in Sources */ = {isa = PBXBuildFile; fileRef = 420A2185548C476939CD5037 /* QRCodeReaderViewController.swift */; };
		F81338C8435FEBA076801D69 /* ScanViewModel.swift in Sources */ = {isa = PBXBuildFile; fileRef = 00CC8518403D55DB36CAFA0D /* ScanViewModel.swift */; };
		FA806DEF9791249E298CA64D /* tiretread_sound_beep_too_far.wav in Resources */ = {isa = PBXBuildFile; fileRef = B97D72540717494221B2D968 /* tiretread_sound_beep_too_far.wav */; };
		FE1F9B0BF324FAB9B95F0C81 /* ErrorViewController.swift in Sources */ = {isa = PBXBuildFile; fileRef = 58DC8214D152A69BF6BE2BFA /* ErrorViewController.swift */; };
/* End PBXBuildFile section */

/* Begin PBXFileReference section */
		00CC8518403D55DB36CAFA0D /* ScanViewModel.swift */ = {isa = PBXFileReference; lastKnownFileType = sourcecode.swift; path = ScanViewModel.swift; sourceTree = "<group>"; };
		0279B6C33EC315BFB9202A88 /* tiretread_sound_stop.wav */ = {isa = PBXFileReference; lastKnownFileType = audio.wav; path = tiretread_sound_stop.wav; sourceTree = "<group>"; };
		039C5E9CF9FCB168405C7A63 /* AnimationLoadingView.swift */ = {isa = PBXFileReference; lastKnownFileType = sourcecode.swift; path = AnimationLoadingView.swift; sourceTree = "<group>"; };
		0961EA8CC47CD233AAC28496 /* workspace.xml */ = {isa = PBXFileReference; lastKnownFileType = text.xml; path = workspace.xml; sourceTree = "<group>"; };
		1082146CA856FECC9AE1C392 /* LicenseSettingsView.swift */ = {isa = PBXFileReference; lastKnownFileType = sourcecode.swift; path = LicenseSettingsView.swift; sourceTree = "<group>"; };
		14A8CECEA3C792A45FFCB5FE /* LoadingViewController.swift */ = {isa = PBXFileReference; lastKnownFileType = sourcecode.swift; path = LoadingViewController.swift; sourceTree = "<group>"; };
		1DBED146B22C6AF08693B5B3 /* ATDTopView.swift */ = {isa = PBXFileReference; lastKnownFileType = sourcecode.swift; path = ATDTopView.swift; sourceTree = "<group>"; };
		203FEF3A731C7A34F6109D47 /* ButtonsSettingsView.swift */ = {isa = PBXFileReference; lastKnownFileType = sourcecode.swift; path = ButtonsSettingsView.swift; sourceTree = "<group>"; };
		2042E7AF3F98CE816AC74A87 /* ATDTitleLabel.swift */ = {isa = PBXFileReference; lastKnownFileType = sourcecode.swift; path = ATDTitleLabel.swift; sourceTree = "<group>"; };
		2193B4C3D407BACF67DB63B3 /* SceneDelegate.swift */ = {isa = PBXFileReference; lastKnownFileType = sourcecode.swift; path = SceneDelegate.swift; sourceTree = "<group>"; };
		2A56CB61EFAE890DA36421FE /* FontStruct.swift */ = {isa = PBXFileReference; lastKnownFileType = sourcecode.swift; path = FontStruct.swift; sourceTree = "<group>"; };
		3318E4FA5B27EDB760F76DFF /* Localizable.strings */ = {isa = PBXFileReference; lastKnownFileType = text.plist.strings; name = Localizable.strings; path = en.lproj/Localizable.strings; sourceTree = "<group>"; };
		356C7E9537E33B81DD3E9DF8 /* tiretread_sound_start.wav */ = {isa = PBXFileReference; lastKnownFileType = audio.wav; path = tiretread_sound_start.wav; sourceTree = "<group>"; };
		390C46701BB308E6F53EFB81 /* TireTreadMeasurementView.swift */ = {isa = PBXFileReference; lastKnownFileType = sourcecode.swift; path = TireTreadMeasurementView.swift; sourceTree = "<group>"; };
		39FB6DAFECFCBA5FFF7D488D /* CaptureSpeedView.swift */ = {isa = PBXFileReference; lastKnownFileType = sourcecode.swift; path = CaptureSpeedView.swift; sourceTree = "<group>"; };
		3F4512E39D68A2ECC6176D69 /* ImperialSystemSettingsView.swift */ = {isa = PBXFileReference; lastKnownFileType = sourcecode.swift; path = ImperialSystemSettingsView.swift; sourceTree = "<group>"; };
		420A2185548C476939CD5037 /* QRCodeReaderViewController.swift */ = {isa = PBXFileReference; lastKnownFileType = sourcecode.swift; path = QRCodeReaderViewController.swift; sourceTree = "<group>"; };
		43FD477C87ED260D7F2D4B0B /* LandingView.swift */ = {isa = PBXFileReference; lastKnownFileType = sourcecode.swift; path = LandingView.swift; sourceTree = "<group>"; };
		45AF252A096B6811DE5CBD11 /* ATDSideTitleLabel.swift */ = {isa = PBXFileReference; lastKnownFileType = sourcecode.swift; path = ATDSideTitleLabel.swift; sourceTree = "<group>"; };
		4EB97AF36FE6ADF80D5595B4 /* Base */ = {isa = PBXFileReference; lastKnownFileType = file.storyboard; name = Base; path = Base.lproj/LaunchScreen.storyboard; sourceTree = "<group>"; };
		4F41F1B3D9D343C30C7129C4 /* Assets.xcassets */ = {isa = PBXFileReference; lastKnownFileType = folder.assetcatalog; path = Assets.xcassets; sourceTree = "<group>"; };
		5010D7616B934B0CEA331D02 /* LoadingViewModel.swift */ = {isa = PBXFileReference; lastKnownFileType = sourcecode.swift; path = LoadingViewModel.swift; sourceTree = "<group>"; };
		515C57BE1A6CB1D9486937B3 /* AppDelegate.swift */ = {isa = PBXFileReference; lastKnownFileType = sourcecode.swift; path = AppDelegate.swift; sourceTree = "<group>"; };
		53E863C814ADFA1AE90698DB /* LandingViewController.swift */ = {isa = PBXFileReference; lastKnownFileType = sourcecode.swift; path = LandingViewController.swift; sourceTree = "<group>"; };
		58DC8214D152A69BF6BE2BFA /* ErrorViewController.swift */ = {isa = PBXFileReference; lastKnownFileType = sourcecode.swift; path = ErrorViewController.swift; sourceTree = "<group>"; };
		592EBCA3FF9BC3EC5068119D /* ResultDetailsViewController.swift */ = {isa = PBXFileReference; lastKnownFileType = sourcecode.swift; path = ResultDetailsViewController.swift; sourceTree = "<group>"; };
		5AFB7AFBE9E5485338795E06 /* Anyline Tire Demo.iml */ = {isa = PBXFileReference; path = "Anyline Tire Demo.iml"; sourceTree = "<group>"; };
		5C4839D8B8B3418C1F448C0C /* KeychainManager.swift */ = {isa = PBXFileReference; lastKnownFileType = sourcecode.swift; path = KeychainManager.swift; sourceTree = "<group>"; };
		5FA6E900770A1B48D530C0B0 /* Anyline Tire Demo.app */ = {isa = PBXFileReference; includeInIndex = 0; lastKnownFileType = wrapper.application; path = "Anyline Tire Demo.app"; sourceTree = BUILT_PRODUCTS_DIR; };
		5FDD518668FD48C095561BE8 /* ErrorButtonActionsDelegate.swift */ = {isa = PBXFileReference; lastKnownFileType = sourcecode.swift; path = ErrorButtonActionsDelegate.swift; sourceTree = "<group>"; };
		635177CA7A2D6A49FB41537F /* ResultButtonActionsDelegate.swift */ = {isa = PBXFileReference; lastKnownFileType = sourcecode.swift; path = ResultButtonActionsDelegate.swift; sourceTree = "<group>"; };
		63B95ED79DF5781095E3CE27 /* Info.plist */ = {isa = PBXFileReference; lastKnownFileType = text.plist; path = Info.plist; sourceTree = "<group>"; };
		67840B9E99FD8F9FC54844DB /* String+Extension.swift */ = {isa = PBXFileReference; lastKnownFileType = sourcecode.swift; path = "String+Extension.swift"; sourceTree = "<group>"; };
		684EA574D2CD2834C4B90FE7 /* DescriptionErrorView.swift */ = {isa = PBXFileReference; lastKnownFileType = sourcecode.swift; path = DescriptionErrorView.swift; sourceTree = "<group>"; };
		696E6ED85B49AD9091DA35DE /* LandingButtonActionsDelegate.swift */ = {isa = PBXFileReference; lastKnownFileType = sourcecode.swift; path = LandingButtonActionsDelegate.swift; sourceTree = "<group>"; };
		6B913234A2737D8FD555BDED /* ShowGuidanceSettingsView.swift */ = {isa = PBXFileReference; lastKnownFileType = sourcecode.swift; path = ShowGuidanceSettingsView.swift; sourceTree = "<group>"; };
		6E20CCB2348A1D5779AD369D /* ATDTextField.swift */ = {isa = PBXFileReference; lastKnownFileType = sourcecode.swift; path = ATDTextField.swift; sourceTree = "<group>"; };
		743A1DCAF06FD21B53070DE9 /* ResultDetailsViewModel.swift */ = {isa = PBXFileReference; lastKnownFileType = sourcecode.swift; path = ResultDetailsViewModel.swift; sourceTree = "<group>"; };
		7806B02B24D5CA9894554DDF /* ProximaNova-Light.otf */ = {isa = PBXFileReference; path = "ProximaNova-Light.otf"; sourceTree = "<group>"; };
		79422290CE7EF2CD20C3D8EE /* SettingsViewController.swift */ = {isa = PBXFileReference; lastKnownFileType = sourcecode.swift; path = SettingsViewController.swift; sourceTree = "<group>"; };
		846F00A3CE42550CD5D87E5F /* LandingTextViewDelegate.swift */ = {isa = PBXFileReference; lastKnownFileType = sourcecode.swift; path = LandingTextViewDelegate.swift; sourceTree = "<group>"; };
		848E9ACC3C8B16BC3203A29C /* modules.xml */ = {isa = PBXFileReference; lastKnownFileType = text.xml; path = modules.xml; sourceTree = "<group>"; };
		8686A4230BA9C306CA9090E6 /* misc.xml */ = {isa = PBXFileReference; lastKnownFileType = text.xml; path = misc.xml; sourceTree = "<group>"; };
		898D068837A772FDC17C4F80 /* tiretread_sound_beep_too_close.wav */ = {isa = PBXFileReference; lastKnownFileType = audio.wav; path = tiretread_sound_beep_too_close.wav; sourceTree = "<group>"; };
		8A35D4D3DBCB082A5C414DA4 /* ProximaNova-Bold.otf */ = {isa = PBXFileReference; path = "ProximaNova-Bold.otf"; sourceTree = "<group>"; };
		91A81A696C0FE10BADEDFFF0 /* ErrorView.swift */ = {isa = PBXFileReference; lastKnownFileType = sourcecode.swift; path = ErrorView.swift; sourceTree = "<group>"; };
		9305D03F418897C0AD10B90F /* tiretread_focuspoint_found.wav */ = {isa = PBXFileReference; lastKnownFileType = audio.wav; path = tiretread_focuspoint_found.wav; sourceTree = "<group>"; };
		9341A53AAD476ED9898701C5 /* LandingViewModel.swift */ = {isa = PBXFileReference; lastKnownFileType = sourcecode.swift; path = LandingViewModel.swift; sourceTree = "<group>"; };
		94A1F359FD235E25B6A374F9 /* SettingsViewModel.swift */ = {isa = PBXFileReference; lastKnownFileType = sourcecode.swift; path = SettingsViewModel.swift; sourceTree = "<group>"; };
		94B3EE586C5AEFFD0946C9B5 /* AccuracySpeedSettingsView.swift */ = {isa = PBXFileReference; lastKnownFileType = sourcecode.swift; path = AccuracySpeedSettingsView.swift; sourceTree = "<group>"; };
		98E054DE5275CFBA5F059FFD /* InfoSettingsView.swift */ = {isa = PBXFileReference; lastKnownFileType = sourcecode.swift; path = InfoSettingsView.swift; sourceTree = "<group>"; };
		991D8278FE1177881E96C0DB /* .gitignore */ = {isa = PBXFileReference; path = .gitignore; sourceTree = "<group>"; };
		9E205BE38F7CF6F2E673D73B /* MeasurementView.swift */ = {isa = PBXFileReference; lastKnownFileType = sourcecode.swift; path = MeasurementView.swift; sourceTree = "<group>"; };
		A9CB99471900809461B83691 /* TextLandingView.swift */ = {isa = PBXFileReference; lastKnownFileType = sourcecode.swift; path = TextLandingView.swift; sourceTree = "<group>"; };
		AA0D513A072F0FA35EEED2BE /* ATDTextLabel.swift */ = {isa = PBXFileReference; lastKnownFileType = sourcecode.swift; path = ATDTextLabel.swift; sourceTree = "<group>"; };
		B31331DE50C6CDAD5AEA836F /* ButtonsResultView.swift */ = {isa = PBXFileReference; lastKnownFileType = sourcecode.swift; path = ButtonsResultView.swift; sourceTree = "<group>"; };
		B5F46F97960F579993C41507 /* SystemInfo.swift */ = {isa = PBXFileReference; lastKnownFileType = sourcecode.swift; path = SystemInfo.swift; sourceTree = "<group>"; };
		B64E5BEDEA3ABD3A59F22090 /* ResultDetailsView.swift */ = {isa = PBXFileReference; lastKnownFileType = sourcecode.swift; path = ResultDetailsView.swift; sourceTree = "<group>"; };
		B672D5814257084C202F656D /* PDFReaderView.swift */ = {isa = PBXFileReference; lastKnownFileType = sourcecode.swift; path = PDFReaderView.swift; sourceTree = "<group>"; };
		B97D72540717494221B2D968 /* tiretread_sound_beep_too_far.wav */ = {isa = PBXFileReference; lastKnownFileType = audio.wav; path = tiretread_sound_beep_too_far.wav; sourceTree = "<group>"; };
		C1FCB5E52078C5C5E8B5569B /* ATDSideButton.swift */ = {isa = PBXFileReference; lastKnownFileType = sourcecode.swift; path = ATDSideButton.swift; sourceTree = "<group>"; };
		C44AFD25638D1C9513636C37 /* ResultView.swift */ = {isa = PBXFileReference; lastKnownFileType = sourcecode.swift; path = ResultView.swift; sourceTree = "<group>"; };
		CBBFD690B0F8E473AD1285E8 /* VolumeButtonObserver.swift */ = {isa = PBXFileReference; lastKnownFileType = sourcecode.swift; path = VolumeButtonObserver.swift; sourceTree = "<group>"; };
		CD3FF46CD2D958B6D81CB5BA /* vcs.xml */ = {isa = PBXFileReference; lastKnownFileType = text.xml; path = vcs.xml; sourceTree = "<group>"; };
		D5BA79536B6EEBE089971CDA /* ScanViewController.swift */ = {isa = PBXFileReference; lastKnownFileType = sourcecode.swift; path = ScanViewController.swift; sourceTree = "<group>"; };
		D6FDFBEF38034A3F4671F98F /* UserDefaultsManager.swift */ = {isa = PBXFileReference; lastKnownFileType = sourcecode.swift; path = UserDefaultsManager.swift; sourceTree = "<group>"; };
		DB20B1D3E5DE027FAE19AD9F /* ProximaNova-Regular.otf */ = {isa = PBXFileReference; path = "ProximaNova-Regular.otf"; sourceTree = "<group>"; };
		DBF323846DAEE03F621DBF05 /* ResultViewController.swift */ = {isa = PBXFileReference; lastKnownFileType = sourcecode.swift; path = ResultViewController.swift; sourceTree = "<group>"; };
		DE123729BEA35B442A4649EC /* LoadingButtonActionsDelegate.swift */ = {isa = PBXFileReference; lastKnownFileType = sourcecode.swift; path = LoadingButtonActionsDelegate.swift; sourceTree = "<group>"; };
		E0E627967E61F1B098CD294E /* ColorStruct.swift */ = {isa = PBXFileReference; lastKnownFileType = sourcecode.swift; path = ColorStruct.swift; sourceTree = "<group>"; };
		F23279E1B27D785630EA5A47 /* SettingsButtonActionsDelegate.swift */ = {isa = PBXFileReference; lastKnownFileType = sourcecode.swift; path = SettingsButtonActionsDelegate.swift; sourceTree = "<group>"; };
		F4F65BCB8B40B49FE3A81C57 /* SettingsView.swift */ = {isa = PBXFileReference; lastKnownFileType = sourcecode.swift; path = SettingsView.swift; sourceTree = "<group>"; };
		F6D8CBBF0CEE70A674D10D60 /* RecorderViewController.swift */ = {isa = PBXFileReference; lastKnownFileType = sourcecode.swift; path = RecorderViewController.swift; sourceTree = "<group>"; };
		F789958372145BE80D1BC584 /* .gitignore */ = {isa = PBXFileReference; path = .gitignore; sourceTree = "<group>"; };
		FC8B10AB00E2C39D3A8E912B /* LoadingView.swift */ = {isa = PBXFileReference; lastKnownFileType = sourcecode.swift; path = LoadingView.swift; sourceTree = "<group>"; };
		FE63BB8F9AD2406691FCCEAA /* UIViewController+Extension.swift */ = {isa = PBXFileReference; lastKnownFileType = sourcecode.swift; path = "UIViewController+Extension.swift"; sourceTree = "<group>"; };
/* End PBXFileReference section */

/* Begin PBXFrameworksBuildPhase section */
		A7AA68BB7B6664B26C0758B7 /* Frameworks */ = {
			isa = PBXFrameworksBuildPhase;
			buildActionMask = 2147483647;
			files = (
				4CEED1DF5615C73346CF62C8 /* AnylineTireTreadSdk in Frameworks */,
				916BB27AE45273720C857859 /* Alamofire in Frameworks */,
				3CAFFCCFEE3CA28949769BCE /* KeychainSwift in Frameworks */,
				030D8C7E8F9F826524BA31A7 /* SnapKit in Frameworks */,
			);
			runOnlyForDeploymentPostprocessing = 0;
		};
/* End PBXFrameworksBuildPhase section */

/* Begin PBXGroup section */
		07797286DB83D938F3E42B90 /* Landing */ = {
			isa = PBXGroup;
			children = (
				696E6ED85B49AD9091DA35DE /* LandingButtonActionsDelegate.swift */,
				846F00A3CE42550CD5D87E5F /* LandingTextViewDelegate.swift */,
				4F0317CEF684E6F6D8E09AB4 /* Controller */,
				C0665B9A93EEE921E82262E9 /* View */,
				4D6401116713DEBBA0697755 /* ViewModel */,
			);
			path = Landing;
			sourceTree = "<group>";
		};
		082EB2EB5944D20E39DE8532 /* Loading */ = {
			isa = PBXGroup;
			children = (
				DE123729BEA35B442A4649EC /* LoadingButtonActionsDelegate.swift */,
				38E7F8F5E0215730E7AE8127 /* Controller */,
				6739CDD1F9FF2CE43F822A4C /* View */,
				4ACD01D0B098B61A12C94F6B /* ViewModel */,
			);
			path = Loading;
			sourceTree = "<group>";
		};
		0B640698AABBBA4ECC8390C5 /* Resources */ = {
			isa = PBXGroup;
			children = (
				19003AC71D8C98073C1BB5CA /* Audio */,
				26065F191C2A166B67E54837 /* Extensions */,
				9040E2F1A88E371D7DDCB6A7 /* Helpers */,
				930DC432CB7ADC12BB1C40F9 /* System */,
			);
			path = Resources;
			sourceTree = "<group>";
		};
		125A9CAF259E1BB12AEF96B7 /* Settings */ = {
			isa = PBXGroup;
			children = (
				F23279E1B27D785630EA5A47 /* SettingsButtonActionsDelegate.swift */,
				223561F4EAF60F7650B21435 /* Controller */,
				A02EF026C8E68AE22F23D8ED /* View */,
				43B3AB73302BC67D222ACA1C /* ViewModel */,
			);
			path = Settings;
			sourceTree = "<group>";
		};
		19003AC71D8C98073C1BB5CA /* Audio */ = {
			isa = PBXGroup;
			children = (
				9305D03F418897C0AD10B90F /* tiretread_focuspoint_found.wav */,
				898D068837A772FDC17C4F80 /* tiretread_sound_beep_too_close.wav */,
				B97D72540717494221B2D968 /* tiretread_sound_beep_too_far.wav */,
				356C7E9537E33B81DD3E9DF8 /* tiretread_sound_start.wav */,
				0279B6C33EC315BFB9202A88 /* tiretread_sound_stop.wav */,
			);
			path = Audio;
			sourceTree = "<group>";
		};
		223561F4EAF60F7650B21435 /* Controller */ = {
			isa = PBXGroup;
			children = (
				79422290CE7EF2CD20C3D8EE /* SettingsViewController.swift */,
			);
			path = Controller;
			sourceTree = "<group>";
		};
		22B452DAF0CCDD6BA9E99063 /* Fonts */ = {
			isa = PBXGroup;
			children = (
				8A35D4D3DBCB082A5C414DA4 /* ProximaNova-Bold.otf */,
				7806B02B24D5CA9894554DDF /* ProximaNova-Light.otf */,
				DB20B1D3E5DE027FAE19AD9F /* ProximaNova-Regular.otf */,
			);
			path = Fonts;
			sourceTree = "<group>";
		};
		26065F191C2A166B67E54837 /* Extensions */ = {
			isa = PBXGroup;
			children = (
				67840B9E99FD8F9FC54844DB /* String+Extension.swift */,
				FE63BB8F9AD2406691FCCEAA /* UIViewController+Extension.swift */,
			);
			path = Extensions;
			sourceTree = "<group>";
		};
		38E7F8F5E0215730E7AE8127 /* Controller */ = {
			isa = PBXGroup;
			children = (
				14A8CECEA3C792A45FFCB5FE /* LoadingViewController.swift */,
			);
			path = Controller;
			sourceTree = "<group>";
		};
		39269ECB8E0AAF521DD42C1C /* Controller */ = {
			isa = PBXGroup;
			children = (
				D5BA79536B6EEBE089971CDA /* ScanViewController.swift */,
			);
			path = Controller;
			sourceTree = "<group>";
		};
		42B88D7021F7770EB8516B60 /* Controller */ = {
			isa = PBXGroup;
			children = (
				58DC8214D152A69BF6BE2BFA /* ErrorViewController.swift */,
				8301B8486339AEE6DE4D3B30 /* View */,
			);
			path = Controller;
			sourceTree = "<group>";
		};
		433DD292F275DAE422928890 /* View */ = {
			isa = PBXGroup;
			children = (
				B31331DE50C6CDAD5AEA836F /* ButtonsResultView.swift */,
				9E205BE38F7CF6F2E673D73B /* MeasurementView.swift */,
				C44AFD25638D1C9513636C37 /* ResultView.swift */,
				390C46701BB308E6F53EFB81 /* TireTreadMeasurementView.swift */,
			);
			path = View;
			sourceTree = "<group>";
		};
		43B3AB73302BC67D222ACA1C /* ViewModel */ = {
			isa = PBXGroup;
			children = (
				94A1F359FD235E25B6A374F9 /* SettingsViewModel.swift */,
			);
			path = ViewModel;
			sourceTree = "<group>";
		};
		443C59D5612CFED4001C8AD1 /* Anyline Tire Demo */ = {
			isa = PBXGroup;
			children = (
				F789958372145BE80D1BC584 /* .gitignore */,
				515C57BE1A6CB1D9486937B3 /* AppDelegate.swift */,
				4F41F1B3D9D343C30C7129C4 /* Assets.xcassets */,
				63B95ED79DF5781095E3CE27 /* Info.plist */,
				BE053E1CF96479297B839F59 /* LaunchScreen.storyboard */,
				3318E4FA5B27EDB760F76DFF /* Localizable.strings */,
				2193B4C3D407BACF67DB63B3 /* SceneDelegate.swift */,
				810A32CC4231A35D7FE8D5A0 /* .idea */,
				B2A029EAA4AF722D05D155BE /* DataStorage */,
				22B452DAF0CCDD6BA9E99063 /* Fonts */,
				4E462EF51CB251ECFF0B094A /* Presentation */,
				0B640698AABBBA4ECC8390C5 /* Resources */,
			);
			path = "Anyline Tire Demo";
			sourceTree = "<group>";
		};
		4ACD01D0B098B61A12C94F6B /* ViewModel */ = {
			isa = PBXGroup;
			children = (
				5010D7616B934B0CEA331D02 /* LoadingViewModel.swift */,
			);
			path = ViewModel;
			sourceTree = "<group>";
		};
		4D6401116713DEBBA0697755 /* ViewModel */ = {
			isa = PBXGroup;
			children = (
				9341A53AAD476ED9898701C5 /* LandingViewModel.swift */,
			);
			path = ViewModel;
			sourceTree = "<group>";
		};
		4E462EF51CB251ECFF0B094A /* Presentation */ = {
			isa = PBXGroup;
			children = (
				E0C51FE8D426F614EDA5597B /* Components */,
				8DAAD10E567CFE5AD8404D5E /* Features */,
			);
			path = Presentation;
			sourceTree = "<group>";
		};
		4F0317CEF684E6F6D8E09AB4 /* Controller */ = {
			isa = PBXGroup;
			children = (
				53E863C814ADFA1AE90698DB /* LandingViewController.swift */,
				F6D8CBBF0CEE70A674D10D60 /* RecorderViewController.swift */,
			);
			path = Controller;
			sourceTree = "<group>";
		};
		5940DD433D86ACF87D593153 /* Scan */ = {
			isa = PBXGroup;
			children = (
				39269ECB8E0AAF521DD42C1C /* Controller */,
				EC96517ED54B69E4FCD95A03 /* ViewModel */,
			);
			path = Scan;
			sourceTree = "<group>";
		};
		5FC9F09156E795359BF8FC75 /* Result details */ = {
			isa = PBXGroup;
			children = (
				E6A570D49D23B181862D5DC6 /* Controller */,
				AA5761B4C1D318401AFC51B8 /* View */,
				F7BADD19F44B4EC4EBDFDB31 /* ViewModel */,
			);
			path = "Result details";
			sourceTree = "<group>";
		};
		6739CDD1F9FF2CE43F822A4C /* View */ = {
			isa = PBXGroup;
			children = (
				039C5E9CF9FCB168405C7A63 /* AnimationLoadingView.swift */,
				FC8B10AB00E2C39D3A8E912B /* LoadingView.swift */,
			);
			path = View;
			sourceTree = "<group>";
		};
		7D071E38AC4FE9AAD02D7B33 /* Error */ = {
			isa = PBXGroup;
			children = (
				5FDD518668FD48C095561BE8 /* ErrorButtonActionsDelegate.swift */,
				42B88D7021F7770EB8516B60 /* Controller */,
			);
			path = Error;
			sourceTree = "<group>";
		};
		810A32CC4231A35D7FE8D5A0 /* .idea */ = {
			isa = PBXGroup;
			children = (
				991D8278FE1177881E96C0DB /* .gitignore */,
				5AFB7AFBE9E5485338795E06 /* Anyline Tire Demo.iml */,
				8686A4230BA9C306CA9090E6 /* misc.xml */,
				848E9ACC3C8B16BC3203A29C /* modules.xml */,
				CD3FF46CD2D958B6D81CB5BA /* vcs.xml */,
				0961EA8CC47CD233AAC28496 /* workspace.xml */,
			);
			path = .idea;
			sourceTree = "<group>";
		};
		8301B8486339AEE6DE4D3B30 /* View */ = {
			isa = PBXGroup;
			children = (
				684EA574D2CD2834C4B90FE7 /* DescriptionErrorView.swift */,
				91A81A696C0FE10BADEDFFF0 /* ErrorView.swift */,
			);
			path = View;
			sourceTree = "<group>";
		};
		8D7F71E3A783FE4F8C5BC78F /* Result */ = {
			isa = PBXGroup;
			children = (
				635177CA7A2D6A49FB41537F /* ResultButtonActionsDelegate.swift */,
				FF266DC6636B9C10AEC09666 /* Controller */,
				433DD292F275DAE422928890 /* View */,
			);
			path = Result;
			sourceTree = "<group>";
		};
		8DAAD10E567CFE5AD8404D5E /* Features */ = {
			isa = PBXGroup;
			children = (
				7D071E38AC4FE9AAD02D7B33 /* Error */,
				07797286DB83D938F3E42B90 /* Landing */,
				082EB2EB5944D20E39DE8532 /* Loading */,
				D1A636076B4B96ECF9BDB1BE /* QR */,
				8D7F71E3A783FE4F8C5BC78F /* Result */,
				5FC9F09156E795359BF8FC75 /* Result details */,
				5940DD433D86ACF87D593153 /* Scan */,
				125A9CAF259E1BB12AEF96B7 /* Settings */,
			);
			path = Features;
			sourceTree = "<group>";
		};
		9040E2F1A88E371D7DDCB6A7 /* Helpers */ = {
			isa = PBXGroup;
			children = (
				E0E627967E61F1B098CD294E /* ColorStruct.swift */,
				2A56CB61EFAE890DA36421FE /* FontStruct.swift */,
				CBBFD690B0F8E473AD1285E8 /* VolumeButtonObserver.swift */,
			);
			path = Helpers;
			sourceTree = "<group>";
		};
		930DC432CB7ADC12BB1C40F9 /* System */ = {
			isa = PBXGroup;
			children = (
				B5F46F97960F579993C41507 /* SystemInfo.swift */,
			);
			path = System;
			sourceTree = "<group>";
		};
		9AB0F6C55B1BEBC49AE6BFA0 /* Products */ = {
			isa = PBXGroup;
			children = (
				5FA6E900770A1B48D530C0B0 /* Anyline Tire Demo.app */,
			);
			name = Products;
			sourceTree = "<group>";
		};
		A02EF026C8E68AE22F23D8ED /* View */ = {
			isa = PBXGroup;
			children = (
				94B3EE586C5AEFFD0946C9B5 /* AccuracySpeedSettingsView.swift */,
				203FEF3A731C7A34F6109D47 /* ButtonsSettingsView.swift */,
				39FB6DAFECFCBA5FFF7D488D /* CaptureSpeedView.swift */,
				3F4512E39D68A2ECC6176D69 /* ImperialSystemSettingsView.swift */,
				98E054DE5275CFBA5F059FFD /* InfoSettingsView.swift */,
				1082146CA856FECC9AE1C392 /* LicenseSettingsView.swift */,
				F4F65BCB8B40B49FE3A81C57 /* SettingsView.swift */,
				6B913234A2737D8FD555BDED /* ShowGuidanceSettingsView.swift */,
			);
			path = View;
			sourceTree = "<group>";
		};
		AA5761B4C1D318401AFC51B8 /* View */ = {
			isa = PBXGroup;
			children = (
				B64E5BEDEA3ABD3A59F22090 /* ResultDetailsView.swift */,
			);
			path = View;
			sourceTree = "<group>";
		};
		B2A029EAA4AF722D05D155BE /* DataStorage */ = {
			isa = PBXGroup;
			children = (
				5C4839D8B8B3418C1F448C0C /* KeychainManager.swift */,
				D6FDFBEF38034A3F4671F98F /* UserDefaultsManager.swift */,
			);
			path = DataStorage;
			sourceTree = "<group>";
		};
		C0665B9A93EEE921E82262E9 /* View */ = {
			isa = PBXGroup;
			children = (
				43FD477C87ED260D7F2D4B0B /* LandingView.swift */,
				A9CB99471900809461B83691 /* TextLandingView.swift */,
			);
			path = View;
			sourceTree = "<group>";
		};
		C1784AF3D57C3616670266F6 = {
			isa = PBXGroup;
			children = (
				443C59D5612CFED4001C8AD1 /* Anyline Tire Demo */,
				9AB0F6C55B1BEBC49AE6BFA0 /* Products */,
			);
			sourceTree = "<group>";
		};
		D1A636076B4B96ECF9BDB1BE /* QR */ = {
			isa = PBXGroup;
			children = (
				420A2185548C476939CD5037 /* QRCodeReaderViewController.swift */,
			);
			path = QR;
			sourceTree = "<group>";
		};
		E0C51FE8D426F614EDA5597B /* Components */ = {
			isa = PBXGroup;
			children = (
				C1FCB5E52078C5C5E8B5569B /* ATDSideButton.swift */,
				45AF252A096B6811DE5CBD11 /* ATDSideTitleLabel.swift */,
				6E20CCB2348A1D5779AD369D /* ATDTextField.swift */,
				AA0D513A072F0FA35EEED2BE /* ATDTextLabel.swift */,
				2042E7AF3F98CE816AC74A87 /* ATDTitleLabel.swift */,
				1DBED146B22C6AF08693B5B3 /* ATDTopView.swift */,
				B672D5814257084C202F656D /* PDFReaderView.swift */,
			);
			path = Components;
			sourceTree = "<group>";
		};
		E6A570D49D23B181862D5DC6 /* Controller */ = {
			isa = PBXGroup;
			children = (
				592EBCA3FF9BC3EC5068119D /* ResultDetailsViewController.swift */,
			);
			path = Controller;
			sourceTree = "<group>";
		};
		EC96517ED54B69E4FCD95A03 /* ViewModel */ = {
			isa = PBXGroup;
			children = (
				00CC8518403D55DB36CAFA0D /* ScanViewModel.swift */,
			);
			path = ViewModel;
			sourceTree = "<group>";
		};
		F7BADD19F44B4EC4EBDFDB31 /* ViewModel */ = {
			isa = PBXGroup;
			children = (
				743A1DCAF06FD21B53070DE9 /* ResultDetailsViewModel.swift */,
			);
			path = ViewModel;
			sourceTree = "<group>";
		};
		FF266DC6636B9C10AEC09666 /* Controller */ = {
			isa = PBXGroup;
			children = (
				DBF323846DAEE03F621DBF05 /* ResultViewController.swift */,
			);
			path = Controller;
			sourceTree = "<group>";
		};
/* End PBXGroup section */

/* Begin PBXNativeTarget section */
		4970B307CD8FFCB7C0762116 /* Anyline Tire Demo */ = {
			isa = PBXNativeTarget;
			buildConfigurationList = DAAED4700B88574245FCE484 /* Build configuration list for PBXNativeTarget "Anyline Tire Demo" */;
			buildPhases = (
				7A8B0CC15C0E90F484F91DD7 /* Sources */,
				6D8B5D5A9070181982C27C8B /* Resources */,
				A7AA68BB7B6664B26C0758B7 /* Frameworks */,
			);
			buildRules = (
			);
			dependencies = (
			);
			name = "Anyline Tire Demo";
			packageProductDependencies = (
				4FC06FD0D43DBAB59132C68A /* AnylineTireTreadSdk */,
				36DF23772E8928D0BFDB3967 /* Alamofire */,
				5A8E509B4C8C4AC6C6113DBD /* KeychainSwift */,
				AE4098F783D33EDD00174621 /* SnapKit */,
			);
			productName = "Anyline Tire Demo";
			productReference = 5FA6E900770A1B48D530C0B0 /* Anyline Tire Demo.app */;
			productType = "com.apple.product-type.application";
		};
/* End PBXNativeTarget section */

/* Begin PBXProject section */
		E5CDB6798FCC7934BA0D0DE6 /* Project object */ = {
			isa = PBXProject;
			attributes = {
				BuildIndependentTargetsInParallel = YES;
				LastUpgradeCheck = 1430;
				TargetAttributes = {
					4970B307CD8FFCB7C0762116 = {
						DevelopmentTeam = 35RHL53WRE;
						ProvisioningStyle = Automatic;
					};
				};
			};
			buildConfigurationList = 6AAA678835C7FA3FAECC4ABD /* Build configuration list for PBXProject "Anyline Tire Demo" */;
			compatibilityVersion = "Xcode 14.0";
			developmentRegion = en;
			hasScannedForEncodings = 0;
			knownRegions = (
				Base,
				en,
			);
			mainGroup = C1784AF3D57C3616670266F6;
			packageReferences = (
				8BDBD2C18B241087A97EA599 /* XCRemoteSwiftPackageReference "Alamofire" */,
				2E17D9FE7E357A222A39DA30 /* XCRemoteSwiftPackageReference "anyline-tiretread-spm-module" */,
				8308C77CEAF862D126235E79 /* XCRemoteSwiftPackageReference "keychain-swift" */,
				4B5AEA5F9FCA6152FDAB044B /* XCRemoteSwiftPackageReference "SnapKit" */,
			);
			projectDirPath = "";
			projectRoot = "";
			targets = (
				4970B307CD8FFCB7C0762116 /* Anyline Tire Demo */,
			);
		};
/* End PBXProject section */

/* Begin PBXResourcesBuildPhase section */
		6D8B5D5A9070181982C27C8B /* Resources */ = {
			isa = PBXResourcesBuildPhase;
			buildActionMask = 2147483647;
			files = (
				310CB561F42A37A560B9F435 /* Anyline Tire Demo.iml in Resources */,
				778185811BD1A1128E44BED5 /* Assets.xcassets in Resources */,
				84C49BAE86A8C61E2789AE51 /* LaunchScreen.storyboard in Resources */,
				B43E435CF5FD514D9D4D4245 /* Localizable.strings in Resources */,
				CFBC8035DE3560D7ABB142FD /* ProximaNova-Bold.otf in Resources */,
				E9B33D39315858DA62E2C2BD /* ProximaNova-Light.otf in Resources */,
				C547C5D4DB92F152AC74F0F8 /* ProximaNova-Regular.otf in Resources */,
				66F67940F4634951C847EB98 /* misc.xml in Resources */,
				DD19A188C2FE3B064AACA037 /* modules.xml in Resources */,
				3CDCBDE8BEBC15FDA1FB6264 /* tiretread_focuspoint_found.wav in Resources */,
				630302657E9563016A6A475F /* tiretread_sound_beep_too_close.wav in Resources */,
				FA806DEF9791249E298CA64D /* tiretread_sound_beep_too_far.wav in Resources */,
				7369D989A1B4FE06EB66969A /* tiretread_sound_start.wav in Resources */,
				29ED2FF6F2DD3987E89BFA6A /* tiretread_sound_stop.wav in Resources */,
				0FCB12352851B2CC14B8A7C1 /* vcs.xml in Resources */,
				25AB68DC8C089B49BF4B88D4 /* workspace.xml in Resources */,
			);
			runOnlyForDeploymentPostprocessing = 0;
		};
/* End PBXResourcesBuildPhase section */

/* Begin PBXSourcesBuildPhase section */
		7A8B0CC15C0E90F484F91DD7 /* Sources */ = {
			isa = PBXSourcesBuildPhase;
			buildActionMask = 2147483647;
			files = (
				6A3DED6F32AF230CE411624C /* ATDSideButton.swift in Sources */,
				59C58D5B136AB5E8E50E6CEF /* ATDSideTitleLabel.swift in Sources */,
				DAB4121C20787CFBD4E8BC3B /* ATDTextField.swift in Sources */,
				A657F5121313A04D7767CA25 /* ATDTextLabel.swift in Sources */,
				40E037705F4EA729263B4531 /* ATDTitleLabel.swift in Sources */,
				87DB8F58F9BAA1992550BE5D /* ATDTopView.swift in Sources */,
				0FA8883A556B2FA320CA2DD2 /* AccuracySpeedSettingsView.swift in Sources */,
				1DB1D383AF7C342F7E94BE9C /* AnimationLoadingView.swift in Sources */,
				C6BF2CD1FD27D45201F44A83 /* AppDelegate.swift in Sources */,
				7FDA3B9A76C6BF12C38735C4 /* ButtonsResultView.swift in Sources */,
				4315EDFF1D1D482EB86C2AC6 /* ButtonsSettingsView.swift in Sources */,
				CABBA4922CFF9C7D20F87DF6 /* CaptureSpeedView.swift in Sources */,
				CE2BF07B703E436BCF4A75D0 /* ColorStruct.swift in Sources */,
				1D17BE143196523D2031D216 /* DescriptionErrorView.swift in Sources */,
				38DB3D561F4C43FB5A8B9727 /* ErrorButtonActionsDelegate.swift in Sources */,
				84C5DAAA08E0024CCBC9F586 /* ErrorView.swift in Sources */,
				FE1F9B0BF324FAB9B95F0C81 /* ErrorViewController.swift in Sources */,
				9DC179F77F904D61DA624801 /* FontStruct.swift in Sources */,
				96B8C1B588F856C867E2FCF8 /* ImperialSystemSettingsView.swift in Sources */,
				E42046826C435BB3C8648356 /* InfoSettingsView.swift in Sources */,
				A1A43E97D4186089AD2FF75B /* KeychainManager.swift in Sources */,
				DEC9D5EECB42273A5F89B447 /* LandingButtonActionsDelegate.swift in Sources */,
				DA4553F0DFF86A25ACBF1197 /* LandingTextViewDelegate.swift in Sources */,
				922F01E6511122B7C47A513A /* LandingView.swift in Sources */,
				75DED790D67B3F8F6810A375 /* LandingViewController.swift in Sources */,
				6A88F4119F37EF8E80A6C418 /* LandingViewModel.swift in Sources */,
				A5E50D4A5C0CC96AF74C8C8D /* LicenseSettingsView.swift in Sources */,
				53E9BB7C9EFA688DF79A049A /* LoadingButtonActionsDelegate.swift in Sources */,
				F526EDD2BB0625673BA4C11C /* LoadingView.swift in Sources */,
				8BF4E284C06302D31E0935A4 /* LoadingViewController.swift in Sources */,
				6E11D51C1B198681FBBBAF50 /* LoadingViewModel.swift in Sources */,
				454F272008A986B435532AE0 /* MeasurementView.swift in Sources */,
				60867B6448E0174B6C94DD34 /* PDFReaderView.swift in Sources */,
				F61AC54D164F3F1D35289943 /* QRCodeReaderViewController.swift in Sources */,
				AC4D8CE67B84C89878A0FA2A /* RecorderViewController.swift in Sources */,
				752146CA082BED4AE6FA6C33 /* ResultButtonActionsDelegate.swift in Sources */,
				5E7BB7B5DC99420C9F0C7503 /* ResultDetailsView.swift in Sources */,
				35B3D619C9CB0D2485FB93C0 /* ResultDetailsViewController.swift in Sources */,
				AB54A1FC59A94B0888996937 /* ResultDetailsViewModel.swift in Sources */,
				D6919D00130DD2096F69F352 /* ResultView.swift in Sources */,
				0A1A2396F1C55377451C6AF4 /* ResultViewController.swift in Sources */,
				D1C023881D18C8A35E33D669 /* ScanViewController.swift in Sources */,
				F81338C8435FEBA076801D69 /* ScanViewModel.swift in Sources */,
				D5F2132E906282B4C27F6F83 /* SceneDelegate.swift in Sources */,
				7FAF812248111EAE17B51F8A /* SettingsButtonActionsDelegate.swift in Sources */,
				2E4E98C5AC372ECAECE7BCEA /* SettingsView.swift in Sources */,
				8A6F05DEA64AACAE756353C9 /* SettingsViewController.swift in Sources */,
				61F8BC3D17A20B47266573CC /* SettingsViewModel.swift in Sources */,
				B0A8C510FE5C3B485C781D33 /* ShowGuidanceSettingsView.swift in Sources */,
				1AC53E9E0FF2699C737155CF /* String+Extension.swift in Sources */,
				015D0AF4D1678D4F78A46880 /* SystemInfo.swift in Sources */,
				927829229CB4F07B5590DDF8 /* TextLandingView.swift in Sources */,
				B2EBB1666A0CF9F779EF8931 /* TireTreadMeasurementView.swift in Sources */,
				E867FA59DFE1158EF820BA09 /* UIViewController+Extension.swift in Sources */,
				030CA17364D27E2C86B8D36F /* UserDefaultsManager.swift in Sources */,
				D5CBEE1F3E3661B52DBEF1CC /* VolumeButtonObserver.swift in Sources */,
			);
			runOnlyForDeploymentPostprocessing = 0;
		};
/* End PBXSourcesBuildPhase section */

/* Begin PBXVariantGroup section */
		BE053E1CF96479297B839F59 /* LaunchScreen.storyboard */ = {
			isa = PBXVariantGroup;
			children = (
				4EB97AF36FE6ADF80D5595B4 /* Base */,
			);
			name = LaunchScreen.storyboard;
			sourceTree = "<group>";
		};
/* End PBXVariantGroup section */

/* Begin XCBuildConfiguration section */
		18C119D4D305BA2D99708F03 /* Debug */ = {
			isa = XCBuildConfiguration;
			buildSettings = {
				ALWAYS_SEARCH_USER_PATHS = NO;
				CLANG_ANALYZER_NONNULL = YES;
				CLANG_ANALYZER_NUMBER_OBJECT_CONVERSION = YES_AGGRESSIVE;
				CLANG_CXX_LANGUAGE_STANDARD = "gnu++14";
				CLANG_CXX_LIBRARY = "libc++";
				CLANG_ENABLE_MODULES = YES;
				CLANG_ENABLE_OBJC_ARC = YES;
				CLANG_ENABLE_OBJC_WEAK = YES;
				CLANG_WARN_BLOCK_CAPTURE_AUTORELEASING = YES;
				CLANG_WARN_BOOL_CONVERSION = YES;
				CLANG_WARN_COMMA = YES;
				CLANG_WARN_CONSTANT_CONVERSION = YES;
				CLANG_WARN_DEPRECATED_OBJC_IMPLEMENTATIONS = YES;
				CLANG_WARN_DIRECT_OBJC_ISA_USAGE = YES_ERROR;
				CLANG_WARN_DOCUMENTATION_COMMENTS = YES;
				CLANG_WARN_EMPTY_BODY = YES;
				CLANG_WARN_ENUM_CONVERSION = YES;
				CLANG_WARN_INFINITE_RECURSION = YES;
				CLANG_WARN_INT_CONVERSION = YES;
				CLANG_WARN_NON_LITERAL_NULL_CONVERSION = YES;
				CLANG_WARN_OBJC_IMPLICIT_RETAIN_SELF = YES;
				CLANG_WARN_OBJC_LITERAL_CONVERSION = YES;
				CLANG_WARN_OBJC_ROOT_CLASS = YES_ERROR;
				CLANG_WARN_QUOTED_INCLUDE_IN_FRAMEWORK_HEADER = YES;
				CLANG_WARN_RANGE_LOOP_ANALYSIS = YES;
				CLANG_WARN_STRICT_PROTOTYPES = YES;
				CLANG_WARN_SUSPICIOUS_MOVE = YES;
				CLANG_WARN_UNGUARDED_AVAILABILITY = YES_AGGRESSIVE;
				CLANG_WARN_UNREACHABLE_CODE = YES;
				CLANG_WARN__DUPLICATE_METHOD_MATCH = YES;
				COPY_PHASE_STRIP = NO;
				DEBUG_INFORMATION_FORMAT = dwarf;
				ENABLE_STRICT_OBJC_MSGSEND = YES;
				ENABLE_TESTABILITY = YES;
				GCC_C_LANGUAGE_STANDARD = gnu11;
				GCC_DYNAMIC_NO_PIC = NO;
				GCC_NO_COMMON_BLOCKS = YES;
				GCC_OPTIMIZATION_LEVEL = 0;
				GCC_PREPROCESSOR_DEFINITIONS = (
					"$(inherited)",
					"DEBUG=1",
				);
				GCC_WARN_64_TO_32_BIT_CONVERSION = YES;
				GCC_WARN_ABOUT_RETURN_TYPE = YES_ERROR;
				GCC_WARN_UNDECLARED_SELECTOR = YES;
				GCC_WARN_UNINITIALIZED_AUTOS = YES_AGGRESSIVE;
				GCC_WARN_UNUSED_FUNCTION = YES;
				GCC_WARN_UNUSED_VARIABLE = YES;
				IPHONEOS_DEPLOYMENT_TARGET = 16.4;
				MTL_ENABLE_DEBUG_INFO = INCLUDE_SOURCE;
				MTL_FAST_MATH = YES;
				ONLY_ACTIVE_ARCH = YES;
				PRODUCT_NAME = "$(TARGET_NAME)";
				SDKROOT = iphoneos;
				SWIFT_ACTIVE_COMPILATION_CONDITIONS = DEBUG;
				SWIFT_OPTIMIZATION_LEVEL = "-Onone";
				SWIFT_VERSION = 5.0;
			};
			name = Debug;
		};
		9BC34547D662BDC159D1D42F /* Debug */ = {
			isa = XCBuildConfiguration;
			buildSettings = {
				ASSETCATALOG_COMPILER_APPICON_NAME = AppIcon;
				ASSETCATALOG_COMPILER_GLOBAL_ACCENT_COLOR_NAME = AccentColor;
				CODE_SIGN_IDENTITY = "Apple Development";
				CODE_SIGN_STYLE = Automatic;
				CURRENT_PROJECT_VERSION = 1;
				DEVELOPMENT_TEAM = 35RHL53WRE;
				GENERATE_INFOPLIST_FILE = YES;
				INFOPLIST_FILE = "Anyline Tire Demo/Info.plist";
				INFOPLIST_KEY_NSCameraUsageDescription = "Camera permission for capturing video";
				INFOPLIST_KEY_UIApplicationSupportsIndirectInputEvents = YES;
				INFOPLIST_KEY_UILaunchStoryboardName = LaunchScreen;
				INFOPLIST_KEY_UIRequiresFullScreen = YES;
				INFOPLIST_KEY_UISupportedInterfaceOrientations = (
					UIInterfaceOrientationLandscapeLeft,
					UIInterfaceOrientationLandscapeRight,
				);
				IPHONEOS_DEPLOYMENT_TARGET = 16.4;
				LD_RUNPATH_SEARCH_PATHS = (
					"$(inherited)",
					"@executable_path/Frameworks",
				);
				MARKETING_VERSION = 1.3.1;
				PRODUCT_BUNDLE_IDENTIFIER = com.anyline.showcase.tiretread;
				PROVISIONING_PROFILE_SPECIFIER = "";
				SDKROOT = iphoneos;
				SUPPORTED_PLATFORMS = "iphoneos iphonesimulator";
				SUPPORTS_MACCATALYST = NO;
				SUPPORTS_MAC_DESIGNED_FOR_IPHONE_IPAD = NO;
				SWIFT_EMIT_LOC_STRINGS = YES;
				TARGETED_DEVICE_FAMILY = "1,2";
			};
			name = Debug;
		};
		D2397B9C3A9DEAAA948EC469 /* Release */ = {
			isa = XCBuildConfiguration;
			buildSettings = {
				ALWAYS_SEARCH_USER_PATHS = NO;
				CLANG_ANALYZER_NONNULL = YES;
				CLANG_ANALYZER_NUMBER_OBJECT_CONVERSION = YES_AGGRESSIVE;
				CLANG_CXX_LANGUAGE_STANDARD = "gnu++14";
				CLANG_CXX_LIBRARY = "libc++";
				CLANG_ENABLE_MODULES = YES;
				CLANG_ENABLE_OBJC_ARC = YES;
				CLANG_ENABLE_OBJC_WEAK = YES;
				CLANG_WARN_BLOCK_CAPTURE_AUTORELEASING = YES;
				CLANG_WARN_BOOL_CONVERSION = YES;
				CLANG_WARN_COMMA = YES;
				CLANG_WARN_CONSTANT_CONVERSION = YES;
				CLANG_WARN_DEPRECATED_OBJC_IMPLEMENTATIONS = YES;
				CLANG_WARN_DIRECT_OBJC_ISA_USAGE = YES_ERROR;
				CLANG_WARN_DOCUMENTATION_COMMENTS = YES;
				CLANG_WARN_EMPTY_BODY = YES;
				CLANG_WARN_ENUM_CONVERSION = YES;
				CLANG_WARN_INFINITE_RECURSION = YES;
				CLANG_WARN_INT_CONVERSION = YES;
				CLANG_WARN_NON_LITERAL_NULL_CONVERSION = YES;
				CLANG_WARN_OBJC_IMPLICIT_RETAIN_SELF = YES;
				CLANG_WARN_OBJC_LITERAL_CONVERSION = YES;
				CLANG_WARN_OBJC_ROOT_CLASS = YES_ERROR;
				CLANG_WARN_QUOTED_INCLUDE_IN_FRAMEWORK_HEADER = YES;
				CLANG_WARN_RANGE_LOOP_ANALYSIS = YES;
				CLANG_WARN_STRICT_PROTOTYPES = YES;
				CLANG_WARN_SUSPICIOUS_MOVE = YES;
				CLANG_WARN_UNGUARDED_AVAILABILITY = YES_AGGRESSIVE;
				CLANG_WARN_UNREACHABLE_CODE = YES;
				CLANG_WARN__DUPLICATE_METHOD_MATCH = YES;
				COPY_PHASE_STRIP = NO;
				DEBUG_INFORMATION_FORMAT = "dwarf-with-dsym";
				ENABLE_NS_ASSERTIONS = NO;
				ENABLE_STRICT_OBJC_MSGSEND = YES;
				GCC_C_LANGUAGE_STANDARD = gnu11;
				GCC_NO_COMMON_BLOCKS = YES;
				GCC_WARN_64_TO_32_BIT_CONVERSION = YES;
				GCC_WARN_ABOUT_RETURN_TYPE = YES_ERROR;
				GCC_WARN_UNDECLARED_SELECTOR = YES;
				GCC_WARN_UNINITIALIZED_AUTOS = YES_AGGRESSIVE;
				GCC_WARN_UNUSED_FUNCTION = YES;
				GCC_WARN_UNUSED_VARIABLE = YES;
				IPHONEOS_DEPLOYMENT_TARGET = 16.4;
				MTL_ENABLE_DEBUG_INFO = NO;
				MTL_FAST_MATH = YES;
				PRODUCT_NAME = "$(TARGET_NAME)";
				SDKROOT = iphoneos;
				SWIFT_COMPILATION_MODE = wholemodule;
				SWIFT_OPTIMIZATION_LEVEL = "-O";
				SWIFT_VERSION = 5.0;
				VALIDATE_PRODUCT = YES;
			};
			name = Release;
		};
		D9FEFD91F8F16C184F8617E8 /* Release */ = {
			isa = XCBuildConfiguration;
			buildSettings = {
				ASSETCATALOG_COMPILER_APPICON_NAME = AppIcon;
				ASSETCATALOG_COMPILER_GLOBAL_ACCENT_COLOR_NAME = AccentColor;
				CODE_SIGN_IDENTITY = "Apple Development";
				CODE_SIGN_STYLE = Automatic;
				CURRENT_PROJECT_VERSION = 1;
				DEVELOPMENT_TEAM = 35RHL53WRE;
				GENERATE_INFOPLIST_FILE = YES;
				INFOPLIST_FILE = "Anyline Tire Demo/Info.plist";
				INFOPLIST_KEY_NSCameraUsageDescription = "Camera permission for capturing video";
				INFOPLIST_KEY_UIApplicationSupportsIndirectInputEvents = YES;
				INFOPLIST_KEY_UILaunchStoryboardName = LaunchScreen;
				INFOPLIST_KEY_UIRequiresFullScreen = YES;
				INFOPLIST_KEY_UISupportedInterfaceOrientations = (
					UIInterfaceOrientationLandscapeLeft,
					UIInterfaceOrientationLandscapeRight,
				);
				IPHONEOS_DEPLOYMENT_TARGET = 16.4;
				LD_RUNPATH_SEARCH_PATHS = (
					"$(inherited)",
					"@executable_path/Frameworks",
				);
				MARKETING_VERSION = 1.3.1;
				PRODUCT_BUNDLE_IDENTIFIER = com.anyline.showcase.tiretread;
				PROVISIONING_PROFILE_SPECIFIER = "";
				SDKROOT = iphoneos;
				SUPPORTED_PLATFORMS = "iphoneos iphonesimulator";
				SUPPORTS_MACCATALYST = NO;
				SUPPORTS_MAC_DESIGNED_FOR_IPHONE_IPAD = NO;
				SWIFT_EMIT_LOC_STRINGS = YES;
				TARGETED_DEVICE_FAMILY = "1,2";
			};
			name = Release;
		};
/* End XCBuildConfiguration section */

/* Begin XCConfigurationList section */
		6AAA678835C7FA3FAECC4ABD /* Build configuration list for PBXProject "Anyline Tire Demo" */ = {
			isa = XCConfigurationList;
			buildConfigurations = (
				18C119D4D305BA2D99708F03 /* Debug */,
				D2397B9C3A9DEAAA948EC469 /* Release */,
			);
			defaultConfigurationIsVisible = 0;
			defaultConfigurationName = Debug;
		};
		DAAED4700B88574245FCE484 /* Build configuration list for PBXNativeTarget "Anyline Tire Demo" */ = {
			isa = XCConfigurationList;
			buildConfigurations = (
				9BC34547D662BDC159D1D42F /* Debug */,
				D9FEFD91F8F16C184F8617E8 /* Release */,
			);
			defaultConfigurationIsVisible = 0;
			defaultConfigurationName = Debug;
		};
/* End XCConfigurationList section */

/* Begin XCRemoteSwiftPackageReference section */
		2E17D9FE7E357A222A39DA30 /* XCRemoteSwiftPackageReference "anyline-tiretread-spm-module" */ = {
			isa = XCRemoteSwiftPackageReference;
			repositoryURL = "https://github.com/Anyline/anyline-tiretread-spm-module";
			requirement = {
				kind = upToNextMajorVersion;
				minimumVersion = 4.2.1;
			};
		};
		4B5AEA5F9FCA6152FDAB044B /* XCRemoteSwiftPackageReference "SnapKit" */ = {
			isa = XCRemoteSwiftPackageReference;
			repositoryURL = "https://github.com/SnapKit/SnapKit.git";
			requirement = {
				branch = develop;
				kind = branch;
			};
		};
		8308C77CEAF862D126235E79 /* XCRemoteSwiftPackageReference "keychain-swift" */ = {
			isa = XCRemoteSwiftPackageReference;
			repositoryURL = "https://github.com/evgenyneu/keychain-swift.git";
			requirement = {
				branch = master;
				kind = branch;
			};
		};
		8BDBD2C18B241087A97EA599 /* XCRemoteSwiftPackageReference "Alamofire" */ = {
			isa = XCRemoteSwiftPackageReference;
			repositoryURL = "https://github.com/Alamofire/Alamofire";
			requirement = {
				kind = upToNextMajorVersion;
				minimumVersion = 5.0.0;
			};
		};
/* End XCRemoteSwiftPackageReference section */

/* Begin XCSwiftPackageProductDependency section */
		36DF23772E8928D0BFDB3967 /* Alamofire */ = {
			isa = XCSwiftPackageProductDependency;
			package = 8BDBD2C18B241087A97EA599 /* XCRemoteSwiftPackageReference "Alamofire" */;
			productName = Alamofire;
		};
		4FC06FD0D43DBAB59132C68A /* AnylineTireTreadSdk */ = {
			isa = XCSwiftPackageProductDependency;
			package = 2E17D9FE7E357A222A39DA30 /* XCRemoteSwiftPackageReference "anyline-tiretread-spm-module" */;
			productName = AnylineTireTreadSdk;
		};
		5A8E509B4C8C4AC6C6113DBD /* KeychainSwift */ = {
			isa = XCSwiftPackageProductDependency;
			package = 8308C77CEAF862D126235E79 /* XCRemoteSwiftPackageReference "keychain-swift" */;
			productName = KeychainSwift;
		};
		AE4098F783D33EDD00174621 /* SnapKit */ = {
			isa = XCSwiftPackageProductDependency;
			package = 4B5AEA5F9FCA6152FDAB044B /* XCRemoteSwiftPackageReference "SnapKit" */;
			productName = SnapKit;
		};
/* End XCSwiftPackageProductDependency section */
	};
	rootObject = E5CDB6798FCC7934BA0D0DE6 /* Project object */;
}
