{
  "pins" : [
    {
      "identity" : "alamofire",
      "kind" : "remoteSourceControl",
      "location" : "https://github.com/Alamofire/Alamofire",
      "state" : {
        "revision" : "3dc6a42c7727c49bf26508e29b0a0b35f9c7e1ad",
        "version" : "5.8.1"
      }
    },
    {
      "identity" : "anyline-tiretread-spm-module",
      "kind" : "remoteSourceControl",
      "location" : "https://github.com/Anyline/anyline-tiretread-spm-module",
      "state" : {
        "revision" : "658bbb36a63138a9568d0ddb8d763a519a3b79d1",
        "version" : "4.0.1"
      }
    },
    {
      "identity" : "keychain-swift",
      "kind" : "remoteSourceControl",
      "location" : "https://github.com/evgenyneu/keychain-swift.git",
      "state" : {
        "branch" : "master",
        "revision" : "95219e66c94b6ba25e7d6ece7aecf1ea13134174"
      }
    },
    {
      "identity" : "snapkit",
      "kind" : "remoteSourceControl",
      "location" : "https://github.com/SnapKit/SnapKit.git",
      "state" : {
        "branch" : "develop",
        "revision" : "4d52cc3768ec5d345827b063dfa59e98a929965d"
      }
    }
  ],
  "version" : 2
}
